// !$*UTF8*$!
{
	archiveVersion = 1;
	classes = {
	};
	objectVersion = 56;
	objects = {

/* Begin PBXBuildFile section */
		A51CD4EB2A78AC2C00238A92 /* AppDelegate.m in Sources */ = {isa = PBXBuildFile; fileRef = A51CD4EA2A78AC2C00238A92 /* AppDelegate.m */; };
		A51CD4EE2A78AC2C00238A92 /* SceneDelegate.m in Sources */ = {isa = PBXBuildFile; fileRef = A51CD4ED2A78AC2C00238A92 /* SceneDelegate.m */; };
		A51CD4F12A78AC2C00238A92 /* ViewController.m in Sources */ = {isa = PBXBuildFile; fileRef = A51CD4F02A78AC2C00238A92 /* ViewController.m */; };
		A51CD4F42A78AC2C00238A92 /* Main.storyboard in Resources */ = {isa = PBXBuildFile; fileRef = A51CD4F22A78AC2C00238A92 /* Main.storyboard */; };
		A51CD4F62A78AC2E00238A92 /* Assets.xcassets in Resources */ = {isa = PBXBuildFile; fileRef = A51CD4F52A78AC2E00238A92 /* Assets.xcassets */; };
		A51CD4F92A78AC2E00238A92 /* LaunchScreen.storyboard in Resources */ = {isa = PBXBuildFile; fileRef = A51CD4F72A78AC2E00238A92 /* LaunchScreen.storyboard */; };
		A51CD4FC2A78AC2E00238A92 /* main.m in Sources */ = {isa = PBXBuildFile; fileRef = A51CD4FB2A78AC2E00238A92 /* main.m */; };
		A51CD5062A78AC2E00238A92 /* ____Tests.m in Sources */ = {isa = PBXBuildFile; fileRef = A51CD5052A78AC2E00238A92 /* ____Tests.m */; };
		A51CD5102A78AC2E00238A92 /* ____UITests.m in Sources */ = {isa = PBXBuildFile; fileRef = A51CD50F2A78AC2E00238A92 /* ____UITests.m */; };
		A51CD5122A78AC2E00238A92 /* ____UITestsLaunchTests.m in Sources */ = {isa = PBXBuildFile; fileRef = A51CD5112A78AC2E00238A92 /* ____UITestsLaunchTests.m */; };
/* End PBXBuildFile section */

/* Begin PBXContainerItemProxy section */
		A51CD5022A78AC2E00238A92 /* PBXContainerItemProxy */ = {
			isa = PBXContainerItemProxy;
			containerPortal = A51CD4DE2A78AC2C00238A92 /* Project object */;
			proxyType = 1;
			remoteGlobalIDString = A51CD4E52A78AC2C00238A92;
			remoteInfo = "网络请求";
		};
		A51CD50C2A78AC2E00238A92 /* PBXContainerItemProxy */ = {
			isa = PBXContainerItemProxy;
			containerPortal = A51CD4DE2A78AC2C00238A92 /* Project object */;
			proxyType = 1;
			remoteGlobalIDString = A51CD4E52A78AC2C00238A92;
			remoteInfo = "网络请求";
		};
/* End PBXContainerItemProxy section */

/* Begin PBXFileReference section */
		A51CD4E62A78AC2C00238A92 /* 网络请求.app */ = {isa = PBXFileReference; explicitFileType = wrapper.application; includeInIndex = 0; path = "网络请求.app"; sourceTree = BUILT_PRODUCTS_DIR; };
		A51CD4E92A78AC2C00238A92 /* AppDelegate.h */ = {isa = PBXFileReference; lastKnownFileType = sourcecode.c.h; path = AppDelegate.h; sourceTree = "<group>"; };
		A51CD4EA2A78AC2C00238A92 /* AppDelegate.m */ = {isa = PBXFileReference; lastKnownFileType = sourcecode.c.objc; path = AppDelegate.m; sourceTree = "<group>"; };
		A51CD4EC2A78AC2C00238A92 /* SceneDelegate.h */ = {isa = PBXFileReference; lastKnownFileType = sourcecode.c.h; path = SceneDelegate.h; sourceTree = "<group>"; };
		A51CD4ED2A78AC2C00238A92 /* SceneDelegate.m */ = {isa = PBXFileReference; lastKnownFileType = sourcecode.c.objc; path = SceneDelegate.m; sourceTree = "<group>"; };
		A51CD4EF2A78AC2C00238A92 /* ViewController.h */ = {isa = PBXFileReference; lastKnownFileType = sourcecode.c.h; path = ViewController.h; sourceTree = "<group>"; };
		A51CD4F02A78AC2C00238A92 /* ViewController.m */ = {isa = PBXFileReference; lastKnownFileType = sourcecode.c.objc; path = ViewController.m; sourceTree = "<group>"; };
		A51CD4F32A78AC2C00238A92 /* Base */ = {isa = PBXFileReference; lastKnownFileType = file.storyboard; name = Base; path = Base.lproj/Main.storyboard; sourceTree = "<group>"; };
		A51CD4F52A78AC2E00238A92 /* Assets.xcassets */ = {isa = PBXFileReference; lastKnownFileType = folder.assetcatalog; path = Assets.xcassets; sourceTree = "<group>"; };
		A51CD4F82A78AC2E00238A92 /* Base */ = {isa = PBXFileReference; lastKnownFileType = file.storyboard; name = Base; path = Base.lproj/LaunchScreen.storyboard; sourceTree = "<group>"; };
		A51CD4FA2A78AC2E00238A92 /* Info.plist */ = {isa = PBXFileReference; lastKnownFileType = text.plist.xml; path = Info.plist; sourceTree = "<group>"; };
		A51CD4FB2A78AC2E00238A92 /* main.m */ = {isa = PBXFileReference; lastKnownFileType = sourcecode.c.objc; path = main.m; sourceTree = "<group>"; };
		A51CD5012A78AC2E00238A92 /* 网络请求Tests.xctest */ = {isa = PBXFileReference; explicitFileType = wrapper.cfbundle; includeInIndex = 0; path = "网络请求Tests.xctest"; sourceTree = BUILT_PRODUCTS_DIR; };
		A51CD5052A78AC2E00238A92 /* ____Tests.m */ = {isa = PBXFileReference; lastKnownFileType = sourcecode.c.objc; path = "____Tests.m"; sourceTree = "<group>"; };
		A51CD50B2A78AC2E00238A92 /* 网络请求UITests.xctest */ = {isa = PBXFileReference; explicitFileType = wrapper.cfbundle; includeInIndex = 0; path = "网络请求UITests.xctest"; sourceTree = BUILT_PRODUCTS_DIR; };
		A51CD50F2A78AC2E00238A92 /* ____UITests.m */ = {isa = PBXFileReference; lastKnownFileType = sourcecode.c.objc; path = "____UITests.m"; sourceTree = "<group>"; };
		A51CD5112A78AC2E00238A92 /* ____UITestsLaunchTests.m */ = {isa = PBXFileReference; lastKnownFileType = sourcecode.c.objc; path = "____UITestsLaunchTests.m"; sourceTree = "<group>"; };
/* End PBXFileReference section */

/* Begin PBXFrameworksBuildPhase section */
		A51CD4E32A78AC2C00238A92 /* Frameworks */ = {
			isa = PBXFrameworksBuildPhase;
			buildActionMask = 2147483647;
			files = (
			);
			runOnlyForDeploymentPostprocessing = 0;
		};
		A51CD4FE2A78AC2E00238A92 /* Frameworks */ = {
			isa = PBXFrameworksBuildPhase;
			buildActionMask = 2147483647;
			files = (
			);
			runOnlyForDeploymentPostprocessing = 0;
		};
		A51CD5082A78AC2E00238A92 /* Frameworks */ = {
			isa = PBXFrameworksBuildPhase;
			buildActionMask = 2147483647;
			files = (
			);
			runOnlyForDeploymentPostprocessing = 0;
		};
/* End PBXFrameworksBuildPhase section */

/* Begin PBXGroup section */
		A51CD4DD2A78AC2C00238A92 = {
			isa = PBXGroup;
			children = (
				A51CD4E82A78AC2C00238A92 /* 网络请求 */,
				A51CD5042A78AC2E00238A92 /* 网络请求Tests */,
				A51CD50E2A78AC2E00238A92 /* 网络请求UITests */,
				A51CD4E72A78AC2C00238A92 /* Products */,
			);
			sourceTree = "<group>";
		};
		A51CD4E72A78AC2C00238A92 /* Products */ = {
			isa = PBXGroup;
			children = (
				A51CD4E62A78AC2C00238A92 /* 网络请求.app */,
				A51CD5012A78AC2E00238A92 /* 网络请求Tests.xctest */,
				A51CD50B2A78AC2E00238A92 /* 网络请求UITests.xctest */,
			);
			name = Products;
			sourceTree = "<group>";
		};
		A51CD4E82A78AC2C00238A92 /* 网络请求 */ = {
			isa = PBXGroup;
			children = (
				A51CD4E92A78AC2C00238A92 /* AppDelegate.h */,
				A51CD4EA2A78AC2C00238A92 /* AppDelegate.m */,
				A51CD4EC2A78AC2C00238A92 /* SceneDelegate.h */,
				A51CD4ED2A78AC2C00238A92 /* SceneDelegate.m */,
				A51CD4EF2A78AC2C00238A92 /* ViewController.h */,
				A51CD4F02A78AC2C00238A92 /* ViewController.m */,
				A51CD4F22A78AC2C00238A92 /* Main.storyboard */,
				A51CD4F52A78AC2E00238A92 /* Assets.xcassets */,
				A51CD4F72A78AC2E00238A92 /* LaunchScreen.storyboard */,
				A51CD4FA2A78AC2E00238A92 /* Info.plist */,
				A51CD4FB2A78AC2E00238A92 /* main.m */,
			);
			path = "网络请求";
			sourceTree = "<group>";
		};
		A51CD5042A78AC2E00238A92 /* 网络请求Tests */ = {
			isa = PBXGroup;
			children = (
				A51CD5052A78AC2E00238A92 /* ____Tests.m */,
			);
			path = "网络请求Tests";
			sourceTree = "<group>";
		};
		A51CD50E2A78AC2E00238A92 /* 网络请求UITests */ = {
			isa = PBXGroup;
			children = (
				A51CD50F2A78AC2E00238A92 /* ____UITests.m */,
				A51CD5112A78AC2E00238A92 /* ____UITestsLaunchTests.m */,
			);
			path = "网络请求UITests";
			sourceTree = "<group>";
		};
/* End PBXGroup section */

/* Begin PBXNativeTarget section */
		A51CD4E52A78AC2C00238A92 /* 网络请求 */ = {
			isa = PBXNativeTarget;
			buildConfigurationList = A51CD5152A78AC2E00238A92 /* Build configuration list for PBXNativeTarget "网络请求" */;
			buildPhases = (
				A51CD4E22A78AC2C00238A92 /* Sources */,
				A51CD4E32A78AC2C00238A92 /* Frameworks */,
				A51CD4E42A78AC2C00238A92 /* Resources */,
			);
			buildRules = (
			);
			dependencies = (
			);
			name = "网络请求";
			productName = "网络请求";
			productReference = A51CD4E62A78AC2C00238A92 /* 网络请求.app */;
			productType = "com.apple.product-type.application";
		};
		A51CD5002A78AC2E00238A92 /* 网络请求Tests */ = {
			isa = PBXNativeTarget;
			buildConfigurationList = A51CD5182A78AC2E00238A92 /* Build configuration list for PBXNativeTarget "网络请求Tests" */;
			buildPhases = (
				A51CD4FD2A78AC2E00238A92 /* Sources */,
				A51CD4FE2A78AC2E00238A92 /* Frameworks */,
				A51CD4FF2A78AC2E00238A92 /* Resources */,
			);
			buildRules = (
			);
			dependencies = (
				A51CD5032A78AC2E00238A92 /* PBXTargetDependency */,
			);
			name = "网络请求Tests";
			productName = "网络请求Tests";
			productReference = A51CD5012A78AC2E00238A92 /* 网络请求Tests.xctest */;
			productType = "com.apple.product-type.bundle.unit-test";
		};
		A51CD50A2A78AC2E00238A92 /* 网络请求UITests */ = {
			isa = PBXNativeTarget;
			buildConfigurationList = A51CD51B2A78AC2E00238A92 /* Build configuration list for PBXNativeTarget "网络请求UITests" */;
			buildPhases = (
				A51CD5072A78AC2E00238A92 /* Sources */,
				A51CD5082A78AC2E00238A92 /* Frameworks */,
				A51CD5092A78AC2E00238A92 /* Resources */,
			);
			buildRules = (
			);
			dependencies = (
				A51CD50D2A78AC2E00238A92 /* PBXTargetDependency */,
			);
			name = "网络请求UITests";
			productName = "网络请求UITests";
			productReference = A51CD50B2A78AC2E00238A92 /* 网络请求UITests.xctest */;
			productType = "com.apple.product-type.bundle.ui-testing";
		};
/* End PBXNativeTarget section */

/* Begin PBXProject section */
		A51CD4DE2A78AC2C00238A92 /* Project object */ = {
			isa = PBXProject;
			attributes = {
				BuildIndependentTargetsInParallel = 1;
				LastUpgradeCheck = 1430;
				TargetAttributes = {
					A51CD4E52A78AC2C00238A92 = {
						CreatedOnToolsVersion = 14.3;
					};
					A51CD5002A78AC2E00238A92 = {
						CreatedOnToolsVersion = 14.3;
						TestTargetID = A51CD4E52A78AC2C00238A92;
					};
					A51CD50A2A78AC2E00238A92 = {
						CreatedOnToolsVersion = 14.3;
						TestTargetID = A51CD4E52A78AC2C00238A92;
					};
				};
			};
			buildConfigurationList = A51CD4E12A78AC2C00238A92 /* Build configuration list for PBXProject "网络请求" */;
			compatibilityVersion = "Xcode 14.0";
			developmentRegion = en;
			hasScannedForEncodings = 0;
			knownRegions = (
				en,
				Base,
			);
			mainGroup = A51CD4DD2A78AC2C00238A92;
			productRefGroup = A51CD4E72A78AC2C00238A92 /* Products */;
			projectDirPath = "";
			projectRoot = "";
			targets = (
				A51CD4E52A78AC2C00238A92 /* 网络请求 */,
				A51CD5002A78AC2E00238A92 /* 网络请求Tests */,
				A51CD50A2A78AC2E00238A92 /* 网络请求UITests */,
			);
		};
/* End PBXProject section */

/* Begin PBXResourcesBuildPhase section */
		A51CD4E42A78AC2C00238A92 /* Resources */ = {
			isa = PBXResourcesBuildPhase;
			buildActionMask = 2147483647;
			files = (
				A51CD4F92A78AC2E00238A92 /* LaunchScreen.storyboard in Resources */,
				A51CD4F62A78AC2E00238A92 /* Assets.xcassets in Resources */,
				A51CD4F42A78AC2C00238A92 /* Main.storyboard in Resources */,
			);
			runOnlyForDeploymentPostprocessing = 0;
		};
		A51CD4FF2A78AC2E00238A92 /* Resources */ = {
			isa = PBXResourcesBuildPhase;
			buildActionMask = 2147483647;
			files = (
			);
			runOnlyForDeploymentPostprocessing = 0;
		};
		A51CD5092A78AC2E00238A92 /* Resources */ = {
			isa = PBXResourcesBuildPhase;
			buildActionMask = 2147483647;
			files = (
			);
			runOnlyForDeploymentPostprocessing = 0;
		};
/* End PBXResourcesBuildPhase section */

/* Begin PBXSourcesBuildPhase section */
		A51CD4E22A78AC2C00238A92 /* Sources */ = {
			isa = PBXSourcesBuildPhase;
			buildActionMask = 2147483647;
			files = (
				A51CD4F12A78AC2C00238A92 /* ViewController.m in Sources */,
				A51CD4EB2A78AC2C00238A92 /* AppDelegate.m in Sources */,
				A51CD4FC2A78AC2E00238A92 /* main.m in Sources */,
				A51CD4EE2A78AC2C00238A92 /* SceneDelegate.m in Sources */,
			);
			runOnlyForDeploymentPostprocessing = 0;
		};
		A51CD4FD2A78AC2E00238A92 /* Sources */ = {
			isa = PBXSourcesBuildPhase;
			buildActionMask = 2147483647;
			files = (
				A51CD5062A78AC2E00238A92 /* ____Tests.m in Sources */,
			);
			runOnlyForDeploymentPostprocessing = 0;
		};
		A51CD5072A78AC2E00238A92 /* Sources */ = {
			isa = PBXSourcesBuildPhase;
			buildActionMask = 2147483647;
			files = (
				A51CD5122A78AC2E00238A92 /* ____UITestsLaunchTests.m in Sources */,
				A51CD5102A78AC2E00238A92 /* ____UITests.m in Sources */,
			);
			runOnlyForDeploymentPostprocessing = 0;
		};
/* End PBXSourcesBuildPhase section */

/* Begin PBXTargetDependency section */
		A51CD5032A78AC2E00238A92 /* PBXTargetDependency */ = {
			isa = PBXTargetDependency;
			target = A51CD4E52A78AC2C00238A92 /* 网络请求 */;
			targetProxy = A51CD5022A78AC2E00238A92 /* PBXContainerItemProxy */;
		};
		A51CD50D2A78AC2E00238A92 /* PBXTargetDependency */ = {
			isa = PBXTargetDependency;
			target = A51CD4E52A78AC2C00238A92 /* 网络请求 */;
			targetProxy = A51CD50C2A78AC2E00238A92 /* PBXContainerItemProxy */;
		};
/* End PBXTargetDependency section */

/* Begin PBXVariantGroup section */
		A51CD4F22A78AC2C00238A92 /* Main.storyboard */ = {
			isa = PBXVariantGroup;
			children = (
				A51CD4F32A78AC2C00238A92 /* Base */,
			);
			name = Main.storyboard;
			sourceTree = "<group>";
		};
		A51CD4F72A78AC2E00238A92 /* LaunchScreen.storyboard */ = {
			isa = PBXVariantGroup;
			children = (
				A51CD4F82A78AC2E00238A92 /* Base */,
			);
			name = LaunchScreen.storyboard;
			sourceTree = "<group>";
		};
/* End PBXVariantGroup section */

/* Begin XCBuildConfiguration section */
		A51CD5132A78AC2E00238A92 /* Debug */ = {
			isa = XCBuildConfiguration;
			buildSettings = {
				ALWAYS_SEARCH_USER_PATHS = NO;
				CLANG_ANALYZER_NONNULL = YES;
				CLANG_ANALYZER_NUMBER_OBJECT_CONVERSION = YES_AGGRESSIVE;
				CLANG_CXX_LANGUAGE_STANDARD = "gnu++20";
				CLANG_ENABLE_MODULES = YES;
				CLANG_ENABLE_OBJC_ARC = YES;
				CLANG_ENABLE_OBJC_WEAK = YES;
				CLANG_WARN_BLOCK_CAPTURE_AUTORELEASING = YES;
				CLANG_WARN_BOOL_CONVERSION = YES;
				CLANG_WARN_COMMA = YES;
				CLANG_WARN_CONSTANT_CONVERSION = YES;
				CLANG_WARN_DEPRECATED_OBJC_IMPLEMENTATIONS = YES;
				CLANG_WARN_DIRECT_OBJC_ISA_USAGE = YES_ERROR;
				CLANG_WARN_DOCUMENTATION_COMMENTS = YES;
				CLANG_WARN_EMPTY_BODY = YES;
				CLANG_WARN_ENUM_CONVERSION = YES;
				CLANG_WARN_INFINITE_RECURSION = YES;
				CLANG_WARN_INT_CONVERSION = YES;
				CLANG_WARN_NON_LITERAL_NULL_CONVERSION = YES;
				CLANG_WARN_OBJC_IMPLICIT_RETAIN_SELF = YES;
				CLANG_WARN_OBJC_LITERAL_CONVERSION = YES;
				CLANG_WARN_OBJC_ROOT_CLASS = YES_ERROR;
				CLANG_WARN_QUOTED_INCLUDE_IN_FRAMEWORK_HEADER = YES;
				CLANG_WARN_RANGE_LOOP_ANALYSIS = YES;
				CLANG_WARN_STRICT_PROTOTYPES = YES;
				CLANG_WARN_SUSPICIOUS_MOVE = YES;
				CLANG_WARN_UNGUARDED_AVAILABILITY = YES_AGGRESSIVE;
				CLANG_WARN_UNREACHABLE_CODE = YES;
				CLANG_WARN__DUPLICATE_METHOD_MATCH = YES;
				COPY_PHASE_STRIP = NO;
				DEBUG_INFORMATION_FORMAT = dwarf;
				ENABLE_STRICT_OBJC_MSGSEND = YES;
				ENABLE_TESTABILITY = YES;
				GCC_C_LANGUAGE_STANDARD = gnu11;
				GCC_DYNAMIC_NO_PIC = NO;
				GCC_NO_COMMON_BLOCKS = YES;
				GCC_OPTIMIZATION_LEVEL = 0;
				GCC_PREPROCESSOR_DEFINITIONS = (
					"DEBUG=1",
					"$(inherited)",
				);
				GCC_WARN_64_TO_32_BIT_CONVERSION = YES;
				GCC_WARN_ABOUT_RETURN_TYPE = YES_ERROR;
				GCC_WARN_UNDECLARED_SELECTOR = YES;
				GCC_WARN_UNINITIALIZED_AUTOS = YES_AGGRESSIVE;
				GCC_WARN_UNUSED_FUNCTION = YES;
				GCC_WARN_UNUSED_VARIABLE = YES;
				IPHONEOS_DEPLOYMENT_TARGET = 16.4;
				MTL_ENABLE_DEBUG_INFO = INCLUDE_SOURCE;
				MTL_FAST_MATH = YES;
				ONLY_ACTIVE_ARCH = YES;
				SDKROOT = iphoneos;
			};
			name = Debug;
		};
		A51CD5142A78AC2E00238A92 /* Release */ = {
			isa = XCBuildConfiguration;
			buildSettings = {
				ALWAYS_SEARCH_USER_PATHS = NO;
				CLANG_ANALYZER_NONNULL = YES;
				CLANG_ANALYZER_NUMBER_OBJECT_CONVERSION = YES_AGGRESSIVE;
				CLANG_CXX_LANGUAGE_STANDARD = "gnu++20";
				CLANG_ENABLE_MODULES = YES;
				CLANG_ENABLE_OBJC_ARC = YES;
				CLANG_ENABLE_OBJC_WEAK = YES;
				CLANG_WARN_BLOCK_CAPTURE_AUTORELEASING = YES;
				CLANG_WARN_BOOL_CONVERSION = YES;
				CLANG_WARN_COMMA = YES;
				CLANG_WARN_CONSTANT_CONVERSION = YES;
				CLANG_WARN_DEPRECATED_OBJC_IMPLEMENTATIONS = YES;
				CLANG_WARN_DIRECT_OBJC_ISA_USAGE = YES_ERROR;
				CLANG_WARN_DOCUMENTATION_COMMENTS = YES;
				CLANG_WARN_EMPTY_BODY = YES;
				CLANG_WARN_ENUM_CONVERSION = YES;
				CLANG_WARN_INFINITE_RECURSION = YES;
				CLANG_WARN_INT_CONVERSION = YES;
				CLANG_WARN_NON_LITERAL_NULL_CONVERSION = YES;
				CLANG_WARN_OBJC_IMPLICIT_RETAIN_SELF = YES;
				CLANG_WARN_OBJC_LITERAL_CONVERSION = YES;
				CLANG_WARN_OBJC_ROOT_CLASS = YES_ERROR;
				CLANG_WARN_QUOTED_INCLUDE_IN_FRAMEWORK_HEADER = YES;
				CLANG_WARN_RANGE_LOOP_ANALYSIS = YES;
				CLANG_WARN_STRICT_PROTOTYPES = YES;
				CLANG_WARN_SUSPICIOUS_MOVE = YES;
				CLANG_WARN_UNGUARDED_AVAILABILITY = YES_AGGRESSIVE;
				CLANG_WARN_UNREACHABLE_CODE = YES;
				CLANG_WARN__DUPLICATE_METHOD_MATCH = YES;
				COPY_PHASE_STRIP = NO;
				DEBUG_INFORMATION_FORMAT = "dwarf-with-dsym";
				ENABLE_NS_ASSERTIONS = NO;
				ENABLE_STRICT_OBJC_MSGSEND = YES;
				GCC_C_LANGUAGE_STANDARD = gnu11;
				GCC_NO_COMMON_BLOCKS = YES;
				GCC_WARN_64_TO_32_BIT_CONVERSION = YES;
				GCC_WARN_ABOUT_RETURN_TYPE = YES_ERROR;
				GCC_WARN_UNDECLARED_SELECTOR = YES;
				GCC_WARN_UNINITIALIZED_AUTOS = YES_AGGRESSIVE;
				GCC_WARN_UNUSED_FUNCTION = YES;
				GCC_WARN_UNUSED_VARIABLE = YES;
				IPHONEOS_DEPLOYMENT_TARGET = 16.4;
				MTL_ENABLE_DEBUG_INFO = NO;
				MTL_FAST_MATH = YES;
				SDKROOT = iphoneos;
				VALIDATE_PRODUCT = YES;
			};
			name = Release;
		};
		A51CD5162A78AC2E00238A92 /* Debug */ = {
			isa = XCBuildConfiguration;
			buildSettings = {
				ASSETCATALOG_COMPILER_APPICON_NAME = AppIcon;
				ASSETCATALOG_COMPILER_GLOBAL_ACCENT_COLOR_NAME = AccentColor;
				CODE_SIGN_STYLE = Automatic;
				CURRENT_PROJECT_VERSION = 1;
				GENERATE_INFOPLIST_FILE = YES;
				INFOPLIST_FILE = "网络请求/Info.plist";
				INFOPLIST_KEY_UIApplicationSupportsIndirectInputEvents = YES;
				INFOPLIST_KEY_UILaunchStoryboardName = LaunchScreen;
				INFOPLIST_KEY_UIMainStoryboardFile = Main;
				INFOPLIST_KEY_UISupportedInterfaceOrientations_iPad = "UIInterfaceOrientationPortrait UIInterfaceOrientationPortraitUpsideDown UIInterfaceOrientationLandscapeLeft UIInterfaceOrientationLandscapeRight";
				INFOPLIST_KEY_UISupportedInterfaceOrientations_iPhone = "UIInterfaceOrientationPortrait UIInterfaceOrientationLandscapeLeft UIInterfaceOrientationLandscapeRight";
				LD_RUNPATH_SEARCH_PATHS = (
					"$(inherited)",
					"@executable_path/Frameworks",
				);
				MARKETING_VERSION = 1.0;
				PRODUCT_BUNDLE_IDENTIFIER = "xuan.----";
				PRODUCT_NAME = "$(TARGET_NAME)";
				SWIFT_EMIT_LOC_STRINGS = YES;
				TARGETED_DEVICE_FAMILY = "1,2";
			};
			name = Debug;
		};
		A51CD5172A78AC2E00238A92 /* Release */ = {
			isa = XCBuildConfiguration;
			buildSettings = {
				ASSETCATALOG_COMPILER_APPICON_NAME = AppIcon;
				ASSETCATALOG_COMPILER_GLOBAL_ACCENT_COLOR_NAME = AccentColor;
				CODE_SIGN_STYLE = Automatic;
				CURRENT_PROJECT_VERSION = 1;
				GENERATE_INFOPLIST_FILE = YES;
				INFOPLIST_FILE = "网络请求/Info.plist";
				INFOPLIST_KEY_UIApplicationSupportsIndirectInputEvents = YES;
				INFOPLIST_KEY_UILaunchStoryboardName = LaunchScreen;
				INFOPLIST_KEY_UIMainStoryboardFile = Main;
				INFOPLIST_KEY_UISupportedInterfaceOrientations_iPad = "UIInterfaceOrientationPortrait UIInterfaceOrientationPortraitUpsideDown UIInterfaceOrientationLandscapeLeft UIInterfaceOrientationLandscapeRight";
				INFOPLIST_KEY_UISupportedInterfaceOrientations_iPhone = "UIInterfaceOrientationPortrait UIInterfaceOrientationLandscapeLeft UIInterfaceOrientationLandscapeRight";
				LD_RUNPATH_SEARCH_PATHS = (
					"$(inherited)",
					"@executable_path/Frameworks",
				);
				MARKETING_VERSION = 1.0;
				PRODUCT_BUNDLE_IDENTIFIER = "xuan.----";
				PRODUCT_NAME = "$(TARGET_NAME)";
				SWIFT_EMIT_LOC_STRINGS = YES;
				TARGETED_DEVICE_FAMILY = "1,2";
			};
			name = Release;
		};
		A51CD5192A78AC2E00238A92 /* Debug */ = {
			isa = XCBuildConfiguration;
			buildSettings = {
				BUNDLE_LOADER = "$(TEST_HOST)";
				CODE_SIGN_STYLE = Automatic;
				CURRENT_PROJECT_VERSION = 1;
				GENERATE_INFOPLIST_FILE = YES;
				IPHONEOS_DEPLOYMENT_TARGET = 16.4;
				MARKETING_VERSION = 1.0;
				PRODUCT_BUNDLE_IDENTIFIER = "xuan.----Tests";
				PRODUCT_NAME = "$(TARGET_NAME)";
				SWIFT_EMIT_LOC_STRINGS = NO;
				TARGETED_DEVICE_FAMILY = "1,2";
				TEST_HOST = "$(BUILT_PRODUCTS_DIR)/网络请求.app/$(BUNDLE_EXECUTABLE_FOLDER_PATH)/网络请求";
			};
			name = Debug;
		};
		A51CD51A2A78AC2E00238A92 /* Release */ = {
			isa = XCBuildConfiguration;
			buildSettings = {
				BUNDLE_LOADER = "$(TEST_HOST)";
				CODE_SIGN_STYLE = Automatic;
				CURRENT_PROJECT_VERSION = 1;
				GENERATE_INFOPLIST_FILE = YES;
				IPHONEOS_DEPLOYMENT_TARGET = 16.4;
				MARKETING_VERSION = 1.0;
				PRODUCT_BUNDLE_IDENTIFIER = "xuan.----Tests";
				PRODUCT_NAME = "$(TARGET_NAME)";
				SWIFT_EMIT_LOC_STRINGS = NO;
				TARGETED_DEVICE_FAMILY = "1,2";
				TEST_HOST = "$(BUILT_PRODUCTS_DIR)/网络请求.app/$(BUNDLE_EXECUTABLE_FOLDER_PATH)/网络请求";
			};
			name = Release;
		};
		A51CD51C2A78AC2E00238A92 /* Debug */ = {
			isa = XCBuildConfiguration;
			buildSettings = {
				CODE_SIGN_STYLE = Automatic;
				CURRENT_PROJECT_VERSION = 1;
				GENERATE_INFOPLIST_FILE = YES;
				MARKETING_VERSION = 1.0;
				PRODUCT_BUNDLE_IDENTIFIER = "xuan.----UITests";
				PRODUCT_NAME = "$(TARGET_NAME)";
				SWIFT_EMIT_LOC_STRINGS = NO;
				TARGETED_DEVICE_FAMILY = "1,2";
				TEST_TARGET_NAME = "网络请求";
			};
			name = Debug;
		};
		A51CD51D2A78AC2E00238A92 /* Release */ = {
			isa = XCBuildConfiguration;
			buildSettings = {
				CODE_SIGN_STYLE = Automatic;
				CURRENT_PROJECT_VERSION = 1;
				GENERATE_INFOPLIST_FILE = YES;
				MARKETING_VERSION = 1.0;
				PRODUCT_BUNDLE_IDENTIFIER = "xuan.----UITests";
				PRODUCT_NAME = "$(TARGET_NAME)";
				SWIFT_EMIT_LOC_STRINGS = NO;
				TARGETED_DEVICE_FAMILY = "1,2";
				TEST_TARGET_NAME = "网络请求";
			};
			name = Release;
		};
/* End XCBuildConfiguration section */

/* Begin XCConfigurationList section */
		A51CD4E12A78AC2C00238A92 /* Build configuration list for PBXProject "网络请求" */ = {
			isa = XCConfigurationList;
			buildConfigurations = (
				A51CD5132A78AC2E00238A92 /* Debug */,
				A51CD5142A78AC2E00238A92 /* Release */,
			);
			defaultConfigurationIsVisible = 0;
			defaultConfigurationName = Release;
		};
		A51CD5152A78AC2E00238A92 /* Build configuration list for PBXNativeTarget "网络请求" */ = {
			isa = XCConfigurationList;
			buildConfigurations = (
				A51CD5162A78AC2E00238A92 /* Debug */,
				A51CD5172A78AC2E00238A92 /* Release */,
			);
			defaultConfigurationIsVisible = 0;
			defaultConfigurationName = Release;
		};
		A51CD5182A78AC2E00238A92 /* Build configuration list for PBXNativeTarget "网络请求Tests" */ = {
			isa = XCConfigurationList;
			buildConfigurations = (
				A51CD5192A78AC2E00238A92 /* Debug */,
				A51CD51A2A78AC2E00238A92 /* Release */,
			);
			defaultConfigurationIsVisible = 0;
			defaultConfigurationName = Release;
		};
		A51CD51B2A78AC2E00238A92 /* Build configuration list for PBXNativeTarget "网络请求UITests" */ = {
			isa = XCConfigurationList;
			buildConfigurations = (
				A51CD51C2A78AC2E00238A92 /* Debug */,
				A51CD51D2A78AC2E00238A92 /* Release */,
			);
			defaultConfigurationIsVisible = 0;
			defaultConfigurationName = Release;
		};
/* End XCConfigurationList section */
	};
	rootObject = A51CD4DE2A78AC2C00238A92 /* Project object */;
}
